// !$*UTF8*$!
{
	archiveVersion = 1;
	classes = {
	};
	objectVersion = 50;
	objects = {

/* Begin PBXBuildFile section */
		281ACAE727E8E5E60039E9CF /* AppDelegate.swift in Sources */ = {isa = PBXBuildFile; fileRef = 281ACAE627E8E5E60039E9CF /* AppDelegate.swift */; };
		281ACAE927E8E5E60039E9CF /* SceneDelegate.swift in Sources */ = {isa = PBXBuildFile; fileRef = 281ACAE827E8E5E60039E9CF /* SceneDelegate.swift */; };
		281ACAEE27E8E5E60039E9CF /* Main.storyboard in Resources */ = {isa = PBXBuildFile; fileRef = 281ACAEC27E8E5E60039E9CF /* Main.storyboard */; };
		281ACAF027E8E5E60039E9CF /* Assets.xcassets in Resources */ = {isa = PBXBuildFile; fileRef = 281ACAEF27E8E5E60039E9CF /* Assets.xcassets */; };
		281ACAF327E8E5E60039E9CF /* LaunchScreen.storyboard in Resources */ = {isa = PBXBuildFile; fileRef = 281ACAF127E8E5E60039E9CF /* LaunchScreen.storyboard */; };
		281ACAFD27E8E7410039E9CF /* MapViewController.swift in Sources */ = {isa = PBXBuildFile; fileRef = 281ACAFC27E8E7410039E9CF /* MapViewController.swift */; };
		281ACB0027E8F0E20039E9CF /* PlacesViewController.swift in Sources */ = {isa = PBXBuildFile; fileRef = 281ACAFF27E8F0E20039E9CF /* PlacesViewController.swift */; };
/* End PBXBuildFile section */

/* Begin PBXFileReference section */
		281ACAE327E8E5E60039E9CF /* LocationSaver.app */ = {isa = PBXFileReference; explicitFileType = wrapper.application; includeInIndex = 0; path = LocationSaver.app; sourceTree = BUILT_PRODUCTS_DIR; };
		281ACAE627E8E5E60039E9CF /* AppDelegate.swift */ = {isa = PBXFileReference; lastKnownFileType = sourcecode.swift; path = AppDelegate.swift; sourceTree = "<group>"; };
		281ACAE827E8E5E60039E9CF /* SceneDelegate.swift */ = {isa = PBXFileReference; lastKnownFileType = sourcecode.swift; path = SceneDelegate.swift; sourceTree = "<group>"; };
		281ACAED27E8E5E60039E9CF /* Base */ = {isa = PBXFileReference; lastKnownFileType = file.storyboard; name = Base; path = Base.lproj/Main.storyboard; sourceTree = "<group>"; };
		281ACAEF27E8E5E60039E9CF /* Assets.xcassets */ = {isa = PBXFileReference; lastKnownFileType = folder.assetcatalog; path = Assets.xcassets; sourceTree = "<group>"; };
		281ACAF227E8E5E60039E9CF /* Base */ = {isa = PBXFileReference; lastKnownFileType = file.storyboard; name = Base; path = Base.lproj/LaunchScreen.storyboard; sourceTree = "<group>"; };
		281ACAF427E8E5E60039E9CF /* Info.plist */ = {isa = PBXFileReference; lastKnownFileType = text.plist.xml; path = Info.plist; sourceTree = "<group>"; };
		281ACAFC27E8E7410039E9CF /* MapViewController.swift */ = {isa = PBXFileReference; lastKnownFileType = sourcecode.swift; path = MapViewController.swift; sourceTree = "<group>"; };
		281ACAFF27E8F0E20039E9CF /* PlacesViewController.swift */ = {isa = PBXFileReference; lastKnownFileType = sourcecode.swift; path = PlacesViewController.swift; sourceTree = "<group>"; };
/* End PBXFileReference section */

/* Begin PBXFrameworksBuildPhase section */
		281ACAE027E8E5E60039E9CF /* Frameworks */ = {
			isa = PBXFrameworksBuildPhase;
			buildActionMask = 2147483647;
			files = (
			);
			runOnlyForDeploymentPostprocessing = 0;
		};
/* End PBXFrameworksBuildPhase section */

/* Begin PBXGroup section */
		281ACADA27E8E5E60039E9CF = {
			isa = PBXGroup;
			children = (
				281ACAE527E8E5E60039E9CF /* LocationSaver */,
				281ACAE427E8E5E60039E9CF /* Products */,
			);
			sourceTree = "<group>";
		};
		281ACAE427E8E5E60039E9CF /* Products */ = {
			isa = PBXGroup;
			children = (
				281ACAE327E8E5E60039E9CF /* LocationSaver.app */,
			);
			name = Products;
			sourceTree = "<group>";
		};
		281ACAE527E8E5E60039E9CF /* LocationSaver */ = {
			isa = PBXGroup;
			children = (
				281ACAE627E8E5E60039E9CF /* AppDelegate.swift */,
				281ACAE827E8E5E60039E9CF /* SceneDelegate.swift */,
				281ACAEC27E8E5E60039E9CF /* Main.storyboard */,
				281ACAEF27E8E5E60039E9CF /* Assets.xcassets */,
				281ACAF127E8E5E60039E9CF /* LaunchScreen.storyboard */,
				281ACAF427E8E5E60039E9CF /* Info.plist */,
				281ACAFC27E8E7410039E9CF /* MapViewController.swift */,
				281ACAFF27E8F0E20039E9CF /* PlacesViewController.swift */,
			);
			path = LocationSaver;
			sourceTree = "<group>";
		};
/* End PBXGroup section */

/* Begin PBXNativeTarget section */
		281ACAE227E8E5E60039E9CF /* LocationSaver */ = {
			isa = PBXNativeTarget;
			buildConfigurationList = 281ACAF727E8E5E60039E9CF /* Build configuration list for PBXNativeTarget "LocationSaver" */;
			buildPhases = (
				281ACADF27E8E5E60039E9CF /* Sources */,
				281ACAE027E8E5E60039E9CF /* Frameworks */,
				281ACAE127E8E5E60039E9CF /* Resources */,
			);
			buildRules = (
			);
			dependencies = (
			);
			name = LocationSaver;
			productName = LocationSaver;
			productReference = 281ACAE327E8E5E60039E9CF /* LocationSaver.app */;
			productType = "com.apple.product-type.application";
		};
/* End PBXNativeTarget section */

/* Begin PBXProject section */
		281ACADB27E8E5E60039E9CF /* Project object */ = {
			isa = PBXProject;
			attributes = {
				LastSwiftUpdateCheck = 1240;
				LastUpgradeCheck = 1240;
				TargetAttributes = {
					281ACAE227E8E5E60039E9CF = {
						CreatedOnToolsVersion = 12.4;
					};
				};
			};
			buildConfigurationList = 281ACADE27E8E5E60039E9CF /* Build configuration list for PBXProject "LocationSaver" */;
			compatibilityVersion = "Xcode 9.3";
			developmentRegion = en;
			hasScannedForEncodings = 0;
			knownRegions = (
				en,
				Base,
			);
			mainGroup = 281ACADA27E8E5E60039E9CF;
			productRefGroup = 281ACAE427E8E5E60039E9CF /* Products */;
			projectDirPath = "";
			projectRoot = "";
			targets = (
				281ACAE227E8E5E60039E9CF /* LocationSaver */,
			);
		};
/* End PBXProject section */

/* Begin PBXResourcesBuildPhase section */
		281ACAE127E8E5E60039E9CF /* Resources */ = {
			isa = PBXResourcesBuildPhase;
			buildActionMask = 2147483647;
			files = (
				281ACAF327E8E5E60039E9CF /* LaunchScreen.storyboard in Resources */,
				281ACAF027E8E5E60039E9CF /* Assets.xcassets in Resources */,
				281ACAEE27E8E5E60039E9CF /* Main.storyboard in Resources */,
			);
			runOnlyForDeploymentPostprocessing = 0;
		};
/* End PBXResourcesBuildPhase section */

/* Begin PBXSourcesBuildPhase section */
		281ACADF27E8E5E60039E9CF /* Sources */ = {
			isa = PBXSourcesBuildPhase;
			buildActionMask = 2147483647;
			files = (
				281ACB0027E8F0E20039E9CF /* PlacesViewController.swift in Sources */,
				281ACAE727E8E5E60039E9CF /* AppDelegate.swift in Sources */,
				281ACAFD27E8E7410039E9CF /* MapViewController.swift in Sources */,
				281ACAE927E8E5E60039E9CF /* SceneDelegate.swift in Sources */,
			);
			runOnlyForDeploymentPostprocessing = 0;
		};
/* End PBXSourcesBuildPhase section */

/* Begin PBXVariantGroup section */
		281ACAEC27E8E5E60039E9CF /* Main.storyboard */ = {
			isa = PBXVariantGroup;
			children = (
				281ACAED27E8E5E60039E9CF /* Base */,
			);
			name = Main.storyboard;
			sourceTree = "<group>";
		};
		281ACAF127E8E5E60039E9CF /* LaunchScreen.storyboard */ = {
			isa = PBXVariantGroup;
			children = (
				281ACAF227E8E5E60039E9CF /* Base */,
			);
			name = LaunchScreen.storyboard;
			sourceTree = "<group>";
		};
/* End PBXVariantGroup section */

/* Begin XCBuildConfiguration section */
		281ACAF527E8E5E60039E9CF /* Debug */ = {
			isa = XCBuildConfiguration;
			buildSettings = {
				ALWAYS_SEARCH_USER_PATHS = NO;
				CLANG_ANALYZER_NONNULL = YES;
				CLANG_ANALYZER_NUMBER_OBJECT_CONVERSION = YES_AGGRESSIVE;
				CLANG_CXX_LANGUAGE_STANDARD = "gnu++14";
				CLANG_CXX_LIBRARY = "libc++";
				CLANG_ENABLE_MODULES = YES;
				CLANG_ENABLE_OBJC_ARC = YES;
				CLANG_ENABLE_OBJC_WEAK = YES;
				CLANG_WARN_BLOCK_CAPTURE_AUTORELEASING = YES;
				CLANG_WARN_BOOL_CONVERSION = YES;
				CLANG_WARN_COMMA = YES;
				CLANG_WARN_CONSTANT_CONVERSION = YES;
				CLANG_WARN_DEPRECATED_OBJC_IMPLEMENTATIONS = YES;
				CLANG_WARN_DIRECT_OBJC_ISA_USAGE = YES_ERROR;
				CLANG_WARN_DOCUMENTATION_COMMENTS = YES;
				CLANG_WARN_EMPTY_BODY = YES;
				CLANG_WARN_ENUM_CONVERSION = YES;
				CLANG_WARN_INFINITE_RECURSION = YES;
				CLANG_WARN_INT_CONVERSION = YES;
				CLANG_WARN_NON_LITERAL_NULL_CONVERSION = YES;
				CLANG_WARN_OBJC_IMPLICIT_RETAIN_SELF = YES;
				CLANG_WARN_OBJC_LITERAL_CONVERSION = YES;
				CLANG_WARN_OBJC_ROOT_CLASS = YES_ERROR;
				CLANG_WARN_QUOTED_INCLUDE_IN_FRAMEWORK_HEADER = YES;
				CLANG_WARN_RANGE_LOOP_ANALYSIS = YES;
				CLANG_WARN_STRICT_PROTOTYPES = YES;
				CLANG_WARN_SUSPICIOUS_MOVE = YES;
				CLANG_WARN_UNGUARDED_AVAILABILITY = YES_AGGRESSIVE;
				CLANG_WARN_UNREACHABLE_CODE = YES;
				CLANG_WARN__DUPLICATE_METHOD_MATCH = YES;
				COPY_PHASE_STRIP = NO;
				DEBUG_INFORMATION_FORMAT = dwarf;
				ENABLE_STRICT_OBJC_MSGSEND = YES;
				ENABLE_TESTABILITY = YES;
				GCC_C_LANGUAGE_STANDARD = gnu11;
				GCC_DYNAMIC_NO_PIC = NO;
				GCC_NO_COMMON_BLOCKS = YES;
				GCC_OPTIMIZATION_LEVEL = 0;
				GCC_PREPROCESSOR_DEFINITIONS = (
					"DEBUG=1",
					"$(inherited)",
				);
				GCC_WARN_64_TO_32_BIT_CONVERSION = YES;
				GCC_WARN_ABOUT_RETURN_TYPE = YES_ERROR;
				GCC_WARN_UNDECLARED_SELECTOR = YES;
				GCC_WARN_UNINITIALIZED_AUTOS = YES_AGGRESSIVE;
				GCC_WARN_UNUSED_FUNCTION = YES;
				GCC_WARN_UNUSED_VARIABLE = YES;
				IPHONEOS_DEPLOYMENT_TARGET = 14.4;
				MTL_ENABLE_DEBUG_INFO = INCLUDE_SOURCE;
				MTL_FAST_MATH = YES;
				ONLY_ACTIVE_ARCH = YES;
				SDKROOT = iphoneos;
				SWIFT_ACTIVE_COMPILATION_CONDITIONS = DEBUG;
				SWIFT_OPTIMIZATION_LEVEL = "-Onone";
			};
			name = Debug;
		};
		281ACAF627E8E5E60039E9CF /* Release */ = {
			isa = XCBuildConfiguration;
			buildSettings = {
				ALWAYS_SEARCH_USER_PATHS = NO;
				CLANG_ANALYZER_NONNULL = YES;
				CLANG_ANALYZER_NUMBER_OBJECT_CONVERSION = YES_AGGRESSIVE;
				CLANG_CXX_LANGUAGE_STANDARD = "gnu++14";
				CLANG_CXX_LIBRARY = "libc++";
				CLANG_ENABLE_MODULES = YES;
				CLANG_ENABLE_OBJC_ARC = YES;
				CLANG_ENABLE_OBJC_WEAK = YES;
				CLANG_WARN_BLOCK_CAPTURE_AUTORELEASING = YES;
				CLANG_WARN_BOOL_CONVERSION = YES;
				CLANG_WARN_COMMA = YES;
				CLANG_WARN_CONSTANT_CONVERSION = YES;
				CLANG_WARN_DEPRECATED_OBJC_IMPLEMENTATIONS = YES;
				CLANG_WARN_DIRECT_OBJC_ISA_USAGE = YES_ERROR;
				CLANG_WARN_DOCUMENTATION_COMMENTS = YES;
				CLANG_WARN_EMPTY_BODY = YES;
				CLANG_WARN_ENUM_CONVERSION = YES;
				CLANG_WARN_INFINITE_RECURSION = YES;
				CLANG_WARN_INT_CONVERSION = YES;
				CLANG_WARN_NON_LITERAL_NULL_CONVERSION = YES;
				CLANG_WARN_OBJC_IMPLICIT_RETAIN_SELF = YES;
				CLANG_WARN_OBJC_LITERAL_CONVERSION = YES;
				CLANG_WARN_OBJC_ROOT_CLASS = YES_ERROR;
				CLANG_WARN_QUOTED_INCLUDE_IN_FRAMEWORK_HEADER = YES;
				CLANG_WARN_RANGE_LOOP_ANALYSIS = YES;
				CLANG_WARN_STRICT_PROTOTYPES = YES;
				CLANG_WARN_SUSPICIOUS_MOVE = YES;
				CLANG_WARN_UNGUARDED_AVAILABILITY = YES_AGGRESSIVE;
				CLANG_WARN_UNREACHABLE_CODE = YES;
				CLANG_WARN__DUPLICATE_METHOD_MATCH = YES;
				COPY_PHASE_STRIP = NO;
				DEBUG_INFORMATION_FORMAT = "dwarf-with-dsym";
				ENABLE_NS_ASSERTIONS = NO;
				ENABLE_STRICT_OBJC_MSGSEND = YES;
				GCC_C_LANGUAGE_STANDARD = gnu11;
				GCC_NO_COMMON_BLOCKS = YES;
				GCC_WARN_64_TO_32_BIT_CONVERSION = YES;
				GCC_WARN_ABOUT_RETURN_TYPE = YES_ERROR;
				GCC_WARN_UNDECLARED_SELECTOR = YES;
				GCC_WARN_UNINITIALIZED_AUTOS = YES_AGGRESSIVE;
				GCC_WARN_UNUSED_FUNCTION = YES;
				GCC_WARN_UNUSED_VARIABLE = YES;
				IPHONEOS_DEPLOYMENT_TARGET = 14.4;
				MTL_ENABLE_DEBUG_INFO = NO;
				MTL_FAST_MATH = YES;
				SDKROOT = iphoneos;
				SWIFT_COMPILATION_MODE = wholemodule;
				SWIFT_OPTIMIZATION_LEVEL = "-O";
				VALIDATE_PRODUCT = YES;
			};
			name = Release;
		};
		281ACAF827E8E5E60039E9CF /* Debug */ = {
			isa = XCBuildConfiguration;
			buildSettings = {
				ASSETCATALOG_COMPILER_APPICON_NAME = AppIcon;
				ASSETCATALOG_COMPILER_GLOBAL_ACCENT_COLOR_NAME = AccentColor;
				CODE_SIGN_STYLE = Automatic;
				INFOPLIST_FILE = LocationSaver/Info.plist;
				LD_RUNPATH_SEARCH_PATHS = (
					"$(inherited)",
					"@executable_path/Frameworks",
				);
				PRODUCT_BUNDLE_IDENTIFIER = com.eslam.LocationSaver;
				PRODUCT_NAME = "$(TARGET_NAME)";
				SWIFT_VERSION = 5.0;
				TARGETED_DEVICE_FAMILY = "1,2";
			};
			name = Debug;
		};
		281ACAF927E8E5E60039E9CF /* Release */ = {
			isa = XCBuildConfiguration;
			buildSettings = {
				ASSETCATALOG_COMPILER_APPICON_NAME = AppIcon;
				ASSETCATALOG_COMPILER_GLOBAL_ACCENT_COLOR_NAME = AccentColor;
				CODE_SIGN_STYLE = Automatic;
				INFOPLIST_FILE = LocationSaver/Info.plist;
				LD_RUNPATH_SEARCH_PATHS = (
					"$(inherited)",
					"@executable_path/Frameworks",
				);
				PRODUCT_BUNDLE_IDENTIFIER = com.eslam.LocationSaver;
				PRODUCT_NAME = "$(TARGET_NAME)";
				SWIFT_VERSION = 5.0;
				TARGETED_DEVICE_FAMILY = "1,2";
			};
			name = Release;
		};
/* End XCBuildConfiguration section */

/* Begin XCConfigurationList section */
		281ACADE27E8E5E60039E9CF /* Build configuration list for PBXProject "LocationSaver" */ = {
			isa = XCConfigurationList;
			buildConfigurations = (
				281ACAF527E8E5E60039E9CF /* Debug */,
				281ACAF627E8E5E60039E9CF /* Release */,
			);
			defaultConfigurationIsVisible = 0;
			defaultConfigurationName = Release;
		};
		281ACAF727E8E5E60039E9CF /* Build configuration list for PBXNativeTarget "LocationSaver" */ = {
			isa = XCConfigurationList;
			buildConfigurations = (
				281ACAF827E8E5E60039E9CF /* Debug */,
				281ACAF927E8E5E60039E9CF /* Release */,
			);
			defaultConfigurationIsVisible = 0;
			defaultConfigurationName = Release;
		};
/* End XCConfigurationList section */
	};
	rootObject = 281ACADB27E8E5E60039E9CF /* Project object */;
}
